// !$*UTF8*$!
{
	archiveVersion = 1;
	classes = {
	};
	objectVersion = 56;
	objects = {

/* Begin PBXBuildFile section */
		0938E7792B8E216C009447E2 /* CarouselViewChild.swift in Sources */ = {isa = PBXBuildFile; fileRef = 0938E7782B8E216C009447E2 /* CarouselViewChild.swift */; };
		0938E77B2B8E21B0009447E2 /* CarouselView.swift in Sources */ = {isa = PBXBuildFile; fileRef = 0938E77A2B8E21B0009447E2 /* CarouselView.swift */; };
		0938E77D2B8E26A7009447E2 /* CarouselTestView.swift in Sources */ = {isa = PBXBuildFile; fileRef = 0938E77C2B8E26A7009447E2 /* CarouselTestView.swift */; };
		0938E7822B8E6702009447E2 /* CurrentBoardView.swift in Sources */ = {isa = PBXBuildFile; fileRef = 0938E7812B8E6702009447E2 /* CurrentBoardView.swift */; };
		0938E7842B8E671F009447E2 /* PreviousBoardView.swift in Sources */ = {isa = PBXBuildFile; fileRef = 0938E7832B8E671F009447E2 /* PreviousBoardView.swift */; };
		0938E7862B8E672B009447E2 /* SecondPreviousBoardView.swift in Sources */ = {isa = PBXBuildFile; fileRef = 0938E7852B8E672B009447E2 /* SecondPreviousBoardView.swift */; };
		0938E7892B8FD394009447E2 /* CurrentCardView.swift in Sources */ = {isa = PBXBuildFile; fileRef = 0938E7882B8FD394009447E2 /* CurrentCardView.swift */; };
		0938E78B2B912566009447E2 /* PreviousCardView.swift in Sources */ = {isa = PBXBuildFile; fileRef = 0938E78A2B912566009447E2 /* PreviousCardView.swift */; };
		0938E78D2B912578009447E2 /* SecondPreviousCardView.swift in Sources */ = {isa = PBXBuildFile; fileRef = 0938E78C2B912578009447E2 /* SecondPreviousCardView.swift */; };
		096C86302B8A456A0044D876 /* FOLY_InfoApp.swift in Sources */ = {isa = PBXBuildFile; fileRef = 096C862F2B8A456A0044D876 /* FOLY_InfoApp.swift */; };
		096C86322B8A456A0044D876 /* ContentView.swift in Sources */ = {isa = PBXBuildFile; fileRef = 096C86312B8A456A0044D876 /* ContentView.swift */; };
		096C86342B8A456B0044D876 /* Assets.xcassets in Resources */ = {isa = PBXBuildFile; fileRef = 096C86332B8A456B0044D876 /* Assets.xcassets */; };
		096C86372B8A456B0044D876 /* Preview Assets.xcassets in Resources */ = {isa = PBXBuildFile; fileRef = 096C86362B8A456B0044D876 /* Preview Assets.xcassets */; };
		096C86412B8A46A70044D876 /* CurrentRound.swift in Sources */ = {isa = PBXBuildFile; fileRef = 096C86402B8A46A70044D876 /* CurrentRound.swift */; };
		096C86442B8A484F0044D876 /* CurrentRoundVM.swift in Sources */ = {isa = PBXBuildFile; fileRef = 096C86432B8A484F0044D876 /* CurrentRoundVM.swift */; };
/* End PBXBuildFile section */

/* Begin PBXFileReference section */
		0938E7782B8E216C009447E2 /* CarouselViewChild.swift */ = {isa = PBXFileReference; lastKnownFileType = sourcecode.swift; path = CarouselViewChild.swift; sourceTree = "<group>"; };
		0938E77A2B8E21B0009447E2 /* CarouselView.swift */ = {isa = PBXFileReference; lastKnownFileType = sourcecode.swift; path = CarouselView.swift; sourceTree = "<group>"; };
		0938E77C2B8E26A7009447E2 /* CarouselTestView.swift */ = {isa = PBXFileReference; lastKnownFileType = sourcecode.swift; path = CarouselTestView.swift; sourceTree = "<group>"; };
		0938E7812B8E6702009447E2 /* CurrentBoardView.swift */ = {isa = PBXFileReference; lastKnownFileType = sourcecode.swift; path = CurrentBoardView.swift; sourceTree = "<group>"; };
		0938E7832B8E671F009447E2 /* PreviousBoardView.swift */ = {isa = PBXFileReference; lastKnownFileType = sourcecode.swift; path = PreviousBoardView.swift; sourceTree = "<group>"; };
		0938E7852B8E672B009447E2 /* SecondPreviousBoardView.swift */ = {isa = PBXFileReference; lastKnownFileType = sourcecode.swift; path = SecondPreviousBoardView.swift; sourceTree = "<group>"; };
		0938E7882B8FD394009447E2 /* CurrentCardView.swift */ = {isa = PBXFileReference; lastKnownFileType = sourcecode.swift; path = CurrentCardView.swift; sourceTree = "<group>"; };
		0938E78A2B912566009447E2 /* PreviousCardView.swift */ = {isa = PBXFileReference; lastKnownFileType = sourcecode.swift; path = PreviousCardView.swift; sourceTree = "<group>"; };
		0938E78C2B912578009447E2 /* SecondPreviousCardView.swift */ = {isa = PBXFileReference; lastKnownFileType = sourcecode.swift; path = SecondPreviousCardView.swift; sourceTree = "<group>"; };
		096C862C2B8A456A0044D876 /* FOLY_Info.app */ = {isa = PBXFileReference; explicitFileType = wrapper.application; includeInIndex = 0; path = FOLY_Info.app; sourceTree = BUILT_PRODUCTS_DIR; };
		096C862F2B8A456A0044D876 /* FOLY_InfoApp.swift */ = {isa = PBXFileReference; lastKnownFileType = sourcecode.swift; path = FOLY_InfoApp.swift; sourceTree = "<group>"; };
		096C86312B8A456A0044D876 /* ContentView.swift */ = {isa = PBXFileReference; lastKnownFileType = sourcecode.swift; path = ContentView.swift; sourceTree = "<group>"; };
		096C86332B8A456B0044D876 /* Assets.xcassets */ = {isa = PBXFileReference; lastKnownFileType = folder.assetcatalog; path = Assets.xcassets; sourceTree = "<group>"; };
		096C86362B8A456B0044D876 /* Preview Assets.xcassets */ = {isa = PBXFileReference; lastKnownFileType = folder.assetcatalog; path = "Preview Assets.xcassets"; sourceTree = "<group>"; };
		096C86402B8A46A70044D876 /* CurrentRound.swift */ = {isa = PBXFileReference; lastKnownFileType = sourcecode.swift; path = CurrentRound.swift; sourceTree = "<group>"; };
		096C86432B8A484F0044D876 /* CurrentRoundVM.swift */ = {isa = PBXFileReference; lastKnownFileType = sourcecode.swift; path = CurrentRoundVM.swift; sourceTree = "<group>"; };
/* End PBXFileReference section */

/* Begin PBXFrameworksBuildPhase section */
		096C86292B8A456A0044D876 /* Frameworks */ = {
			isa = PBXFrameworksBuildPhase;
			buildActionMask = 2147483647;
			files = (
			);
			runOnlyForDeploymentPostprocessing = 0;
		};
/* End PBXFrameworksBuildPhase section */

/* Begin PBXGroup section */
		0938E7762B8E2153009447E2 /* View */ = {
			isa = PBXGroup;
			children = (
				0938E7872B8FD36B009447E2 /* CardView */,
				0938E7802B8E66E7009447E2 /* CardBoardView */,
				0938E7772B8E2157009447E2 /* Carousel */,
			);
			path = View;
			sourceTree = "<group>";
		};
		0938E7772B8E2157009447E2 /* Carousel */ = {
			isa = PBXGroup;
			children = (
				0938E7782B8E216C009447E2 /* CarouselViewChild.swift */,
				0938E77A2B8E21B0009447E2 /* CarouselView.swift */,
				0938E77C2B8E26A7009447E2 /* CarouselTestView.swift */,
			);
			path = Carousel;
			sourceTree = "<group>";
		};
		0938E7802B8E66E7009447E2 /* CardBoardView */ = {
			isa = PBXGroup;
			children = (
				0938E7812B8E6702009447E2 /* CurrentBoardView.swift */,
				0938E7832B8E671F009447E2 /* PreviousBoardView.swift */,
				0938E7852B8E672B009447E2 /* SecondPreviousBoardView.swift */,
			);
			path = CardBoardView;
			sourceTree = "<group>";
		};
		0938E7872B8FD36B009447E2 /* CardView */ = {
			isa = PBXGroup;
			children = (
				0938E7882B8FD394009447E2 /* CurrentCardView.swift */,
				0938E78A2B912566009447E2 /* PreviousCardView.swift */,
				0938E78C2B912578009447E2 /* SecondPreviousCardView.swift */,
			);
			path = CardView;
			sourceTree = "<group>";
		};
		096C86232B8A456A0044D876 = {
			isa = PBXGroup;
			children = (
				096C862E2B8A456A0044D876 /* FOLY_Info */,
				096C862D2B8A456A0044D876 /* Products */,
			);
			sourceTree = "<group>";
		};
		096C862D2B8A456A0044D876 /* Products */ = {
			isa = PBXGroup;
			children = (
				096C862C2B8A456A0044D876 /* FOLY_Info.app */,
			);
			name = Products;
			sourceTree = "<group>";
		};
		096C862E2B8A456A0044D876 /* FOLY_Info */ = {
			isa = PBXGroup;
			children = (
				0938E7762B8E2153009447E2 /* View */,
				096C86422B8A483A0044D876 /* ViewModel */,
				096C863D2B8A468B0044D876 /* Model */,
				096C862F2B8A456A0044D876 /* FOLY_InfoApp.swift */,
				096C86312B8A456A0044D876 /* ContentView.swift */,
				096C86332B8A456B0044D876 /* Assets.xcassets */,
				096C86352B8A456B0044D876 /* Preview Content */,
			);
			path = FOLY_Info;
			sourceTree = "<group>";
		};
		096C86352B8A456B0044D876 /* Preview Content */ = {
			isa = PBXGroup;
			children = (
				096C86362B8A456B0044D876 /* Preview Assets.xcassets */,
			);
			path = "Preview Content";
			sourceTree = "<group>";
		};
		096C863D2B8A468B0044D876 /* Model */ = {
			isa = PBXGroup;
			children = (
				096C86402B8A46A70044D876 /* CurrentRound.swift */,
			);
			path = Model;
			sourceTree = "<group>";
		};
		096C86422B8A483A0044D876 /* ViewModel */ = {
			isa = PBXGroup;
			children = (
				096C86432B8A484F0044D876 /* CurrentRoundVM.swift */,
			);
			path = ViewModel;
			sourceTree = "<group>";
		};
/* End PBXGroup section */

/* Begin PBXNativeTarget section */
		096C862B2B8A456A0044D876 /* FOLY_Info */ = {
			isa = PBXNativeTarget;
			buildConfigurationList = 096C863A2B8A456B0044D876 /* Build configuration list for PBXNativeTarget "FOLY_Info" */;
			buildPhases = (
				096C86282B8A456A0044D876 /* Sources */,
				096C86292B8A456A0044D876 /* Frameworks */,
				096C862A2B8A456A0044D876 /* Resources */,
			);
			buildRules = (
			);
			dependencies = (
			);
			name = FOLY_Info;
			productName = FOLY_Info;
			productReference = 096C862C2B8A456A0044D876 /* FOLY_Info.app */;
			productType = "com.apple.product-type.application";
		};
/* End PBXNativeTarget section */

/* Begin PBXProject section */
		096C86242B8A456A0044D876 /* Project object */ = {
			isa = PBXProject;
			attributes = {
				BuildIndependentTargetsInParallel = 1;
				LastSwiftUpdateCheck = 1510;
				LastUpgradeCheck = 1510;
				TargetAttributes = {
					096C862B2B8A456A0044D876 = {
						CreatedOnToolsVersion = 15.1;
					};
				};
			};
			buildConfigurationList = 096C86272B8A456A0044D876 /* Build configuration list for PBXProject "FOLY_Info" */;
			compatibilityVersion = "Xcode 14.0";
			developmentRegion = en;
			hasScannedForEncodings = 0;
			knownRegions = (
				en,
				Base,
			);
			mainGroup = 096C86232B8A456A0044D876;
			productRefGroup = 096C862D2B8A456A0044D876 /* Products */;
			projectDirPath = "";
			projectRoot = "";
			targets = (
				096C862B2B8A456A0044D876 /* FOLY_Info */,
			);
		};
/* End PBXProject section */

/* Begin PBXResourcesBuildPhase section */
		096C862A2B8A456A0044D876 /* Resources */ = {
			isa = PBXResourcesBuildPhase;
			buildActionMask = 2147483647;
			files = (
				096C86372B8A456B0044D876 /* Preview Assets.xcassets in Resources */,
				096C86342B8A456B0044D876 /* Assets.xcassets in Resources */,
			);
			runOnlyForDeploymentPostprocessing = 0;
		};
/* End PBXResourcesBuildPhase section */

/* Begin PBXSourcesBuildPhase section */
		096C86282B8A456A0044D876 /* Sources */ = {
			isa = PBXSourcesBuildPhase;
			buildActionMask = 2147483647;
			files = (
				0938E7822B8E6702009447E2 /* CurrentBoardView.swift in Sources */,
				0938E7842B8E671F009447E2 /* PreviousBoardView.swift in Sources */,
				0938E78D2B912578009447E2 /* SecondPreviousCardView.swift in Sources */,
				0938E7892B8FD394009447E2 /* CurrentCardView.swift in Sources */,
				096C86322B8A456A0044D876 /* ContentView.swift in Sources */,
				0938E7792B8E216C009447E2 /* CarouselViewChild.swift in Sources */,
				096C86442B8A484F0044D876 /* CurrentRoundVM.swift in Sources */,
				0938E7862B8E672B009447E2 /* SecondPreviousBoardView.swift in Sources */,
				0938E78B2B912566009447E2 /* PreviousCardView.swift in Sources */,
				096C86302B8A456A0044D876 /* FOLY_InfoApp.swift in Sources */,
				0938E77D2B8E26A7009447E2 /* CarouselTestView.swift in Sources */,
				0938E77B2B8E21B0009447E2 /* CarouselView.swift in Sources */,
				096C86412B8A46A70044D876 /* CurrentRound.swift in Sources */,
			);
			runOnlyForDeploymentPostprocessing = 0;
		};
/* End PBXSourcesBuildPhase section */

/* Begin XCBuildConfiguration section */
		096C86382B8A456B0044D876 /* Debug */ = {
			isa = XCBuildConfiguration;
			buildSettings = {
				ALWAYS_SEARCH_USER_PATHS = NO;
				ASSETCATALOG_COMPILER_GENERATE_SWIFT_ASSET_SYMBOL_EXTENSIONS = YES;
				CLANG_ANALYZER_NONNULL = YES;
				CLANG_ANALYZER_NUMBER_OBJECT_CONVERSION = YES_AGGRESSIVE;
				CLANG_CXX_LANGUAGE_STANDARD = "gnu++20";
				CLANG_ENABLE_MODULES = YES;
				CLANG_ENABLE_OBJC_ARC = YES;
				CLANG_ENABLE_OBJC_WEAK = YES;
				CLANG_WARN_BLOCK_CAPTURE_AUTORELEASING = YES;
				CLANG_WARN_BOOL_CONVERSION = YES;
				CLANG_WARN_COMMA = YES;
				CLANG_WARN_CONSTANT_CONVERSION = YES;
				CLANG_WARN_DEPRECATED_OBJC_IMPLEMENTATIONS = YES;
				CLANG_WARN_DIRECT_OBJC_ISA_USAGE = YES_ERROR;
				CLANG_WARN_DOCUMENTATION_COMMENTS = YES;
				CLANG_WARN_EMPTY_BODY = YES;
				CLANG_WARN_ENUM_CONVERSION = YES;
				CLANG_WARN_INFINITE_RECURSION = YES;
				CLANG_WARN_INT_CONVERSION = YES;
				CLANG_WARN_NON_LITERAL_NULL_CONVERSION = YES;
				CLANG_WARN_OBJC_IMPLICIT_RETAIN_SELF = YES;
				CLANG_WARN_OBJC_LITERAL_CONVERSION = YES;
				CLANG_WARN_OBJC_ROOT_CLASS = YES_ERROR;
				CLANG_WARN_QUOTED_INCLUDE_IN_FRAMEWORK_HEADER = YES;
				CLANG_WARN_RANGE_LOOP_ANALYSIS = YES;
				CLANG_WARN_STRICT_PROTOTYPES = YES;
				CLANG_WARN_SUSPICIOUS_MOVE = YES;
				CLANG_WARN_UNGUARDED_AVAILABILITY = YES_AGGRESSIVE;
				CLANG_WARN_UNREACHABLE_CODE = YES;
				CLANG_WARN__DUPLICATE_METHOD_MATCH = YES;
				COPY_PHASE_STRIP = NO;
				DEBUG_INFORMATION_FORMAT = dwarf;
				ENABLE_STRICT_OBJC_MSGSEND = YES;
				ENABLE_TESTABILITY = YES;
				ENABLE_USER_SCRIPT_SANDBOXING = YES;
				GCC_C_LANGUAGE_STANDARD = gnu17;
				GCC_DYNAMIC_NO_PIC = NO;
				GCC_NO_COMMON_BLOCKS = YES;
				GCC_OPTIMIZATION_LEVEL = 0;
				GCC_PREPROCESSOR_DEFINITIONS = (
					"DEBUG=1",
					"$(inherited)",
				);
				GCC_WARN_64_TO_32_BIT_CONVERSION = YES;
				GCC_WARN_ABOUT_RETURN_TYPE = YES_ERROR;
				GCC_WARN_UNDECLARED_SELECTOR = YES;
				GCC_WARN_UNINITIALIZED_AUTOS = YES_AGGRESSIVE;
				GCC_WARN_UNUSED_FUNCTION = YES;
				GCC_WARN_UNUSED_VARIABLE = YES;
				IPHONEOS_DEPLOYMENT_TARGET = 17.2;
				LOCALIZATION_PREFERS_STRING_CATALOGS = YES;
				MTL_ENABLE_DEBUG_INFO = INCLUDE_SOURCE;
				MTL_FAST_MATH = YES;
				ONLY_ACTIVE_ARCH = YES;
				SDKROOT = iphoneos;
				SWIFT_ACTIVE_COMPILATION_CONDITIONS = "DEBUG $(inherited)";
				SWIFT_OPTIMIZATION_LEVEL = "-Onone";
			};
			name = Debug;
		};
		096C86392B8A456B0044D876 /* Release */ = {
			isa = XCBuildConfiguration;
			buildSettings = {
				ALWAYS_SEARCH_USER_PATHS = NO;
				ASSETCATALOG_COMPILER_GENERATE_SWIFT_ASSET_SYMBOL_EXTENSIONS = YES;
				CLANG_ANALYZER_NONNULL = YES;
				CLANG_ANALYZER_NUMBER_OBJECT_CONVERSION = YES_AGGRESSIVE;
				CLANG_CXX_LANGUAGE_STANDARD = "gnu++20";
				CLANG_ENABLE_MODULES = YES;
				CLANG_ENABLE_OBJC_ARC = YES;
				CLANG_ENABLE_OBJC_WEAK = YES;
				CLANG_WARN_BLOCK_CAPTURE_AUTORELEASING = YES;
				CLANG_WARN_BOOL_CONVERSION = YES;
				CLANG_WARN_COMMA = YES;
				CLANG_WARN_CONSTANT_CONVERSION = YES;
				CLANG_WARN_DEPRECATED_OBJC_IMPLEMENTATIONS = YES;
				CLANG_WARN_DIRECT_OBJC_ISA_USAGE = YES_ERROR;
				CLANG_WARN_DOCUMENTATION_COMMENTS = YES;
				CLANG_WARN_EMPTY_BODY = YES;
				CLANG_WARN_ENUM_CONVERSION = YES;
				CLANG_WARN_INFINITE_RECURSION = YES;
				CLANG_WARN_INT_CONVERSION = YES;
				CLANG_WARN_NON_LITERAL_NULL_CONVERSION = YES;
				CLANG_WARN_OBJC_IMPLICIT_RETAIN_SELF = YES;
				CLANG_WARN_OBJC_LITERAL_CONVERSION = YES;
				CLANG_WARN_OBJC_ROOT_CLASS = YES_ERROR;
				CLANG_WARN_QUOTED_INCLUDE_IN_FRAMEWORK_HEADER = YES;
				CLANG_WARN_RANGE_LOOP_ANALYSIS = YES;
				CLANG_WARN_STRICT_PROTOTYPES = YES;
				CLANG_WARN_SUSPICIOUS_MOVE = YES;
				CLANG_WARN_UNGUARDED_AVAILABILITY = YES_AGGRESSIVE;
				CLANG_WARN_UNREACHABLE_CODE = YES;
				CLANG_WARN__DUPLICATE_METHOD_MATCH = YES;
				COPY_PHASE_STRIP = NO;
				DEBUG_INFORMATION_FORMAT = "dwarf-with-dsym";
				ENABLE_NS_ASSERTIONS = NO;
				ENABLE_STRICT_OBJC_MSGSEND = YES;
				ENABLE_USER_SCRIPT_SANDBOXING = YES;
				GCC_C_LANGUAGE_STANDARD = gnu17;
				GCC_NO_COMMON_BLOCKS = YES;
				GCC_WARN_64_TO_32_BIT_CONVERSION = YES;
				GCC_WARN_ABOUT_RETURN_TYPE = YES_ERROR;
				GCC_WARN_UNDECLARED_SELECTOR = YES;
				GCC_WARN_UNINITIALIZED_AUTOS = YES_AGGRESSIVE;
				GCC_WARN_UNUSED_FUNCTION = YES;
				GCC_WARN_UNUSED_VARIABLE = YES;
				IPHONEOS_DEPLOYMENT_TARGET = 17.2;
				LOCALIZATION_PREFERS_STRING_CATALOGS = YES;
				MTL_ENABLE_DEBUG_INFO = NO;
				MTL_FAST_MATH = YES;
				SDKROOT = iphoneos;
				SWIFT_COMPILATION_MODE = wholemodule;
				VALIDATE_PRODUCT = YES;
			};
			name = Release;
		};
		096C863B2B8A456B0044D876 /* Debug */ = {
			isa = XCBuildConfiguration;
			buildSettings = {
				ASSETCATALOG_COMPILER_APPICON_NAME = AppIcon;
				ASSETCATALOG_COMPILER_GLOBAL_ACCENT_COLOR_NAME = AccentColor;
				CODE_SIGN_STYLE = Automatic;
				CURRENT_PROJECT_VERSION = 1;
				DEVELOPMENT_ASSET_PATHS = "\"FOLY_Info/Preview Content\"";
				DEVELOPMENT_TEAM = D459R6RZK9;
				ENABLE_PREVIEWS = YES;
				GENERATE_INFOPLIST_FILE = YES;
				INFOPLIST_KEY_UIApplicationSceneManifest_Generation = YES;
				INFOPLIST_KEY_UIApplicationSupportsIndirectInputEvents = YES;
				INFOPLIST_KEY_UILaunchScreen_Generation = YES;
				INFOPLIST_KEY_UISupportedInterfaceOrientations_iPad = "UIInterfaceOrientationPortrait UIInterfaceOrientationPortraitUpsideDown UIInterfaceOrientationLandscapeLeft UIInterfaceOrientationLandscapeRight";
				INFOPLIST_KEY_UISupportedInterfaceOrientations_iPhone = "UIInterfaceOrientationPortrait UIInterfaceOrientationLandscapeLeft UIInterfaceOrientationLandscapeRight";
				LD_RUNPATH_SEARCH_PATHS = (
					"$(inherited)",
					"@executable_path/Frameworks",
				);
				MARKETING_VERSION = 1.0;
				PRODUCT_BUNDLE_IDENTIFIER = "com.boragundogu.FOLY-Info";
				PRODUCT_NAME = "$(TARGET_NAME)";
				SWIFT_EMIT_LOC_STRINGS = YES;
				SWIFT_VERSION = 5.0;
				TARGETED_DEVICE_FAMILY = "1,2";
			};
			name = Debug;
		};
		096C863C2B8A456B0044D876 /* Release */ = {
			isa = XCBuildConfiguration;
			buildSettings = {
				ASSETCATALOG_COMPILER_APPICON_NAME = AppIcon;
				ASSETCATALOG_COMPILER_GLOBAL_ACCENT_COLOR_NAME = AccentColor;
				CODE_SIGN_STYLE = Automatic;
				CURRENT_PROJECT_VERSION = 1;
				DEVELOPMENT_ASSET_PATHS = "\"FOLY_Info/Preview Content\"";
				DEVELOPMENT_TEAM = D459R6RZK9;
				ENABLE_PREVIEWS = YES;
				GENERATE_INFOPLIST_FILE = YES;
				INFOPLIST_KEY_UIApplicationSceneManifest_Generation = YES;
				INFOPLIST_KEY_UIApplicationSupportsIndirectInputEvents = YES;
				INFOPLIST_KEY_UILaunchScreen_Generation = YES;
				INFOPLIST_KEY_UISupportedInterfaceOrientations_iPad = "UIInterfaceOrientationPortrait UIInterfaceOrientationPortraitUpsideDown UIInterfaceOrientationLandscapeLeft UIInterfaceOrientationLandscapeRight";
				INFOPLIST_KEY_UISupportedInterfaceOrientations_iPhone = "UIInterfaceOrientationPortrait UIInterfaceOrientationLandscapeLeft UIInterfaceOrientationLandscapeRight";
				LD_RUNPATH_SEARCH_PATHS = (
					"$(inherited)",
					"@executable_path/Frameworks",
				);
				MARKETING_VERSION = 1.0;
				PRODUCT_BUNDLE_IDENTIFIER = "com.boragundogu.FOLY-Info";
				PRODUCT_NAME = "$(TARGET_NAME)";
				SWIFT_EMIT_LOC_STRINGS = YES;
				SWIFT_VERSION = 5.0;
				TARGETED_DEVICE_FAMILY = "1,2";
			};
			name = Release;
		};
/* End XCBuildConfiguration section */

/* Begin XCConfigurationList section */
		096C86272B8A456A0044D876 /* Build configuration list for PBXProject "FOLY_Info" */ = {
			isa = XCConfigurationList;
			buildConfigurations = (
				096C86382B8A456B0044D876 /* Debug */,
				096C86392B8A456B0044D876 /* Release */,
			);
			defaultConfigurationIsVisible = 0;
			defaultConfigurationName = Release;
		};
		096C863A2B8A456B0044D876 /* Build configuration list for PBXNativeTarget "FOLY_Info" */ = {
			isa = XCConfigurationList;
			buildConfigurations = (
				096C863B2B8A456B0044D876 /* Debug */,
				096C863C2B8A456B0044D876 /* Release */,
			);
			defaultConfigurationIsVisible = 0;
			defaultConfigurationName = Release;
		};
/* End XCConfigurationList section */
	};
	rootObject = 096C86242B8A456A0044D876 /* Project object */;
}
